
Microsoft Visual Studio Solution File, Format Version 12.00
# Visual Studio 15
VisualStudioVersion = 15.0.28010.2041
MinimumVisualStudioVersion = 10.0.40219.1
Project("{FAE04EC0-301F-11D3-BF4B-00C04F79EFBC}") = "SqlParserAntlr", "SqlParserAntlr\SqlParserAntlr.csproj", "{7B9B6D03-D618-49EB-913D-6F7BB7B69511}"
EndProject
Global
	GlobalSection(SolutionConfigurationPlatforms) = preSolution
		Debug|Any CPU = Debug|Any CPU
		Release|Any CPU = Release|Any CPU
	EndGlobalSection
	GlobalSection(ProjectConfigurationPlatforms) = postSolution
		{7B9B6D03-D618-49EB-913D-6F7BB7B69511}.Debug|Any CPU.ActiveCfg = Debug|Any CPU
		{7B9B6D03-D618-49EB-913D-6F7BB7B69511}.Debug|Any CPU.Build.0 = Debug|Any CPU
		{7B9B6D03-D618-49EB-913D-6F7BB7B69511}.Release|Any CPU.ActiveCfg = Release|Any CPU
		{7B9B6D03-D618-49EB-913D-6F7BB7B69511}.Release|Any CPU.Build.0 = Release|Any CPU
	EndGlobalSection
	GlobalSection(SolutionProperties) = preSolution
		HideSolutionNode = FALSE
	EndGlobalSection
	GlobalSection(ExtensibilityGlobals) = postSolution
		SolutionGuid = {8C36E62B-F0F8-49BD-948C-21A5476BBF69}
	EndGlobalSection
EndGlobal
